// !$*UTF8*$!
{
	archiveVersion = 1;
	classes = {
	};
	objectVersion = 56;
	objects = {

/* Begin PBXBuildFile section */
		849111AC290B5B9C005691E9 /* BooksRepository.swift in Sources */ = {isa = PBXBuildFile; fileRef = 849111AB290B5B9C005691E9 /* BooksRepository.swift */; };
		849111AE290B5BBD005691E9 /* Book.swift in Sources */ = {isa = PBXBuildFile; fileRef = 849111AD290B5BBD005691E9 /* Book.swift */; };
		849111B0290B5BD2005691E9 /* book.json in Resources */ = {isa = PBXBuildFile; fileRef = 849111AF290B5BD2005691E9 /* book.json */; };
		849111B2290B5BDB005691E9 /* books.json in Resources */ = {isa = PBXBuildFile; fileRef = 849111B1290B5BDB005691E9 /* books.json */; };
		849111B4290B5BE4005691E9 /* characters.json in Resources */ = {isa = PBXBuildFile; fileRef = 849111B3290B5BE4005691E9 /* characters.json */; };
		849111B6290B6005005691E9 /* MockBooksRepository.swift in Sources */ = {isa = PBXBuildFile; fileRef = 849111B5290B6005005691E9 /* MockBooksRepository.swift */; };
		849111B7290B606B005691E9 /* Book.swift in Sources */ = {isa = PBXBuildFile; fileRef = 849111AD290B5BBD005691E9 /* Book.swift */; };
		849111BB290B618C005691E9 /* CharacterView.swift in Sources */ = {isa = PBXBuildFile; fileRef = 849111BA290B618C005691E9 /* CharacterView.swift */; };
		849111BD290B619B005691E9 /* BookView.swift in Sources */ = {isa = PBXBuildFile; fileRef = 849111BC290B619B005691E9 /* BookView.swift */; };
		849111BF290B61F5005691E9 /* CharacterViewModel.swift in Sources */ = {isa = PBXBuildFile; fileRef = 849111BE290B61F5005691E9 /* CharacterViewModel.swift */; };
		849111C1290B6213005691E9 /* BookViewModel.swift in Sources */ = {isa = PBXBuildFile; fileRef = 849111C0290B6213005691E9 /* BookViewModel.swift */; };
		849111C3290B621A005691E9 /* CharacterViewModel.swift in Sources */ = {isa = PBXBuildFile; fileRef = 849111BE290B61F5005691E9 /* CharacterViewModel.swift */; };
		849111C4290B621D005691E9 /* CharacterView.swift in Sources */ = {isa = PBXBuildFile; fileRef = 849111BA290B618C005691E9 /* CharacterView.swift */; };
		84B2D51929083AEC00BF0B4F /* WesterosApp.swift in Sources */ = {isa = PBXBuildFile; fileRef = 84B2D51829083AEC00BF0B4F /* WesterosApp.swift */; };
		84B2D51D29083AED00BF0B4F /* Assets.xcassets in Resources */ = {isa = PBXBuildFile; fileRef = 84B2D51C29083AED00BF0B4F /* Assets.xcassets */; };
		84B2D52029083AED00BF0B4F /* Preview Assets.xcassets in Resources */ = {isa = PBXBuildFile; fileRef = 84B2D51F29083AED00BF0B4F /* Preview Assets.xcassets */; };
		84B2D52A29083AED00BF0B4F /* WesterosTests.swift in Sources */ = {isa = PBXBuildFile; fileRef = 84B2D52929083AED00BF0B4F /* WesterosTests.swift */; };
		84B2D5492908BD5800BF0B4F /* HousesRepository.swift in Sources */ = {isa = PBXBuildFile; fileRef = 84B2D5482908BD5800BF0B4F /* HousesRepository.swift */; };
		84B2D54B2908BD7B00BF0B4F /* Endpoints.swift in Sources */ = {isa = PBXBuildFile; fileRef = 84B2D54A2908BD7B00BF0B4F /* Endpoints.swift */; };
		84B2D54E2908BDA900BF0B4F /* House.swift in Sources */ = {isa = PBXBuildFile; fileRef = 84B2D54D2908BDA900BF0B4F /* House.swift */; };
		84B2D5502908BDC600BF0B4F /* APIResponse.swift in Sources */ = {isa = PBXBuildFile; fileRef = 84B2D54F2908BDC600BF0B4F /* APIResponse.swift */; };
		84B2D5522908BDE300BF0B4F /* URLResponse.swift in Sources */ = {isa = PBXBuildFile; fileRef = 84B2D5512908BDE300BF0B4F /* URLResponse.swift */; };
		84B2D5582908BE4C00BF0B4F /* HomeViewModel.swift in Sources */ = {isa = PBXBuildFile; fileRef = 84B2D5572908BE4C00BF0B4F /* HomeViewModel.swift */; };
		84B2D55A2908BE6A00BF0B4F /* HomeView.swift in Sources */ = {isa = PBXBuildFile; fileRef = 84B2D5592908BE6A00BF0B4F /* HomeView.swift */; };
		84B2D55D2908BEA600BF0B4F /* HouseDetailView.swift in Sources */ = {isa = PBXBuildFile; fileRef = 84B2D55C2908BEA600BF0B4F /* HouseDetailView.swift */; };
		84B2D55F2908BEB100BF0B4F /* HouseDetailViewModel.swift in Sources */ = {isa = PBXBuildFile; fileRef = 84B2D55E2908BEB100BF0B4F /* HouseDetailViewModel.swift */; };
		84B2D5622908BED000BF0B4F /* ActivityIndicator.swift in Sources */ = {isa = PBXBuildFile; fileRef = 84B2D5612908BED000BF0B4F /* ActivityIndicator.swift */; };
		84B2D5662908C10400BF0B4F /* Game of Thrones.ttf in Resources */ = {isa = PBXBuildFile; fileRef = 84B2D5652908C10400BF0B4F /* Game of Thrones.ttf */; };
		84B2D5692908C1D100BF0B4F /* SearchView.swift in Sources */ = {isa = PBXBuildFile; fileRef = 84B2D5682908C1D100BF0B4F /* SearchView.swift */; };
		84B2D56B2908C42E00BF0B4F /* Font+Extension.swift in Sources */ = {isa = PBXBuildFile; fileRef = 84B2D56A2908C42E00BF0B4F /* Font+Extension.swift */; };
		84B2D56D2908C7FF00BF0B4F /* Color+Extension.swift in Sources */ = {isa = PBXBuildFile; fileRef = 84B2D56C2908C7FF00BF0B4F /* Color+Extension.swift */; };
		84B2D56F2908CA5400BF0B4F /* CharacterRepository.swift in Sources */ = {isa = PBXBuildFile; fileRef = 84B2D56E2908CA5400BF0B4F /* CharacterRepository.swift */; };
		84B2D5712908CA6600BF0B4F /* Character.swift in Sources */ = {isa = PBXBuildFile; fileRef = 84B2D5702908CA6600BF0B4F /* Character.swift */; };
		84B2D5732908CBDF00BF0B4F /* Launch Screen.storyboard in Resources */ = {isa = PBXBuildFile; fileRef = 84B2D5722908CBDF00BF0B4F /* Launch Screen.storyboard */; };
		84B2D57529093E8A00BF0B4F /* String+Extension.swift in Sources */ = {isa = PBXBuildFile; fileRef = 84B2D57429093E8A00BF0B4F /* String+Extension.swift */; };
		84B3EB99290A07980009BE36 /* houses.json in Resources */ = {isa = PBXBuildFile; fileRef = 84B3EB98290A07980009BE36 /* houses.json */; };
		84B3EB9B290A08490009BE36 /* MockHousesRepository.swift in Sources */ = {isa = PBXBuildFile; fileRef = 84B3EB9A290A08490009BE36 /* MockHousesRepository.swift */; };
		84B3EB9D290A099A0009BE36 /* house.json in Resources */ = {isa = PBXBuildFile; fileRef = 84B3EB9C290A099A0009BE36 /* house.json */; };
		84B3EB9F290A09AB0009BE36 /* character.json in Resources */ = {isa = PBXBuildFile; fileRef = 84B3EB9E290A09AB0009BE36 /* character.json */; };
		84B3EBA2290A09F70009BE36 /* JSONParser.swift in Sources */ = {isa = PBXBuildFile; fileRef = 84B3EBA1290A09F70009BE36 /* JSONParser.swift */; };
		84B3EBA4290A0A070009BE36 /* MockCharacterRepository.swift in Sources */ = {isa = PBXBuildFile; fileRef = 84B3EBA3290A0A070009BE36 /* MockCharacterRepository.swift */; };
		84B3EBA6290A0A9D0009BE36 /* HomeViewModelTests.swift in Sources */ = {isa = PBXBuildFile; fileRef = 84B3EBA5290A0A9D0009BE36 /* HomeViewModelTests.swift */; };
		84B3EBA7290A0FC00009BE36 /* HomeViewModel.swift in Sources */ = {isa = PBXBuildFile; fileRef = 84B2D5572908BE4C00BF0B4F /* HomeViewModel.swift */; };
		84B3EBA8290A0FD30009BE36 /* House.swift in Sources */ = {isa = PBXBuildFile; fileRef = 84B2D54D2908BDA900BF0B4F /* House.swift */; };
		84B3EBA9290A0FD80009BE36 /* Character.swift in Sources */ = {isa = PBXBuildFile; fileRef = 84B2D5702908CA6600BF0B4F /* Character.swift */; };
		84B3EBAA290A0FFF0009BE36 /* HousesRepository.swift in Sources */ = {isa = PBXBuildFile; fileRef = 84B2D5482908BD5800BF0B4F /* HousesRepository.swift */; };
		84B3EBAB290A10030009BE36 /* CharacterRepository.swift in Sources */ = {isa = PBXBuildFile; fileRef = 84B2D56E2908CA5400BF0B4F /* CharacterRepository.swift */; };
		84B3EBAC290A10130009BE36 /* Endpoints.swift in Sources */ = {isa = PBXBuildFile; fileRef = 84B2D54A2908BD7B00BF0B4F /* Endpoints.swift */; };
		84B3EBAE290A101C0009BE36 /* APIResponse.swift in Sources */ = {isa = PBXBuildFile; fileRef = 84B2D54F2908BDC600BF0B4F /* APIResponse.swift */; };
		84B3EBB0290A12990009BE36 /* HouseViewModelTests.swift in Sources */ = {isa = PBXBuildFile; fileRef = 84B3EBAF290A12990009BE36 /* HouseViewModelTests.swift */; };
		84B3EBB5290A14860009BE36 /* JSONParser.swift in Sources */ = {isa = PBXBuildFile; fileRef = 84B3EBA1290A09F70009BE36 /* JSONParser.swift */; };
		84B3EBB6290A19610009BE36 /* HouseDetailViewModel.swift in Sources */ = {isa = PBXBuildFile; fileRef = 84B2D55E2908BEB100BF0B4F /* HouseDetailViewModel.swift */; };
		84B3EBB7290A1FA10009BE36 /* houses.json in Resources */ = {isa = PBXBuildFile; fileRef = 84B3EB98290A07980009BE36 /* houses.json */; };
		84B3EBB8290A1FA40009BE36 /* house.json in Resources */ = {isa = PBXBuildFile; fileRef = 84B3EB9C290A099A0009BE36 /* house.json */; };
		84B3EBB9290A1FA70009BE36 /* character.json in Resources */ = {isa = PBXBuildFile; fileRef = 84B3EB9E290A09AB0009BE36 /* character.json */; };
/* End PBXBuildFile section */

/* Begin PBXContainerItemProxy section */
		84B2D52629083AED00BF0B4F /* PBXContainerItemProxy */ = {
			isa = PBXContainerItemProxy;
			containerPortal = 84B2D50D29083AEC00BF0B4F /* Project object */;
			proxyType = 1;
			remoteGlobalIDString = 84B2D51429083AEC00BF0B4F;
			remoteInfo = Westeros;
		};
/* End PBXContainerItemProxy section */

/* Begin PBXFileReference section */
		849111AB290B5B9C005691E9 /* BooksRepository.swift */ = {isa = PBXFileReference; fileEncoding = 4; lastKnownFileType = sourcecode.swift; path = BooksRepository.swift; sourceTree = "<group>"; };
		849111AD290B5BBD005691E9 /* Book.swift */ = {isa = PBXFileReference; fileEncoding = 4; lastKnownFileType = sourcecode.swift; path = Book.swift; sourceTree = "<group>"; };
		849111AF290B5BD2005691E9 /* book.json */ = {isa = PBXFileReference; fileEncoding = 4; lastKnownFileType = text.json; path = book.json; sourceTree = "<group>"; };
		849111B1290B5BDB005691E9 /* books.json */ = {isa = PBXFileReference; fileEncoding = 4; lastKnownFileType = text.json; path = books.json; sourceTree = "<group>"; };
		849111B3290B5BE4005691E9 /* characters.json */ = {isa = PBXFileReference; fileEncoding = 4; lastKnownFileType = text.json; path = characters.json; sourceTree = "<group>"; };
		849111B5290B6005005691E9 /* MockBooksRepository.swift */ = {isa = PBXFileReference; fileEncoding = 4; lastKnownFileType = sourcecode.swift; path = MockBooksRepository.swift; sourceTree = "<group>"; };
		849111BA290B618C005691E9 /* CharacterView.swift */ = {isa = PBXFileReference; fileEncoding = 4; lastKnownFileType = sourcecode.swift; path = CharacterView.swift; sourceTree = "<group>"; };
		849111BC290B619B005691E9 /* BookView.swift */ = {isa = PBXFileReference; fileEncoding = 4; lastKnownFileType = sourcecode.swift; path = BookView.swift; sourceTree = "<group>"; };
		849111BE290B61F5005691E9 /* CharacterViewModel.swift */ = {isa = PBXFileReference; fileEncoding = 4; lastKnownFileType = sourcecode.swift; path = CharacterViewModel.swift; sourceTree = "<group>"; };
		849111C0290B6213005691E9 /* BookViewModel.swift */ = {isa = PBXFileReference; fileEncoding = 4; lastKnownFileType = sourcecode.swift; path = BookViewModel.swift; sourceTree = "<group>"; };
		84B2D51529083AEC00BF0B4F /* Westeros.app */ = {isa = PBXFileReference; explicitFileType = wrapper.application; includeInIndex = 0; path = Westeros.app; sourceTree = BUILT_PRODUCTS_DIR; };
		84B2D51829083AEC00BF0B4F /* WesterosApp.swift */ = {isa = PBXFileReference; lastKnownFileType = sourcecode.swift; path = WesterosApp.swift; sourceTree = "<group>"; };
		84B2D51C29083AED00BF0B4F /* Assets.xcassets */ = {isa = PBXFileReference; lastKnownFileType = folder.assetcatalog; path = Assets.xcassets; sourceTree = "<group>"; };
		84B2D51F29083AED00BF0B4F /* Preview Assets.xcassets */ = {isa = PBXFileReference; lastKnownFileType = folder.assetcatalog; path = "Preview Assets.xcassets"; sourceTree = "<group>"; };
		84B2D52529083AED00BF0B4F /* WesterosTests.xctest */ = {isa = PBXFileReference; explicitFileType = wrapper.cfbundle; includeInIndex = 0; path = WesterosTests.xctest; sourceTree = BUILT_PRODUCTS_DIR; };
		84B2D52929083AED00BF0B4F /* WesterosTests.swift */ = {isa = PBXFileReference; lastKnownFileType = sourcecode.swift; path = WesterosTests.swift; sourceTree = "<group>"; };
		84B2D5482908BD5800BF0B4F /* HousesRepository.swift */ = {isa = PBXFileReference; lastKnownFileType = sourcecode.swift; path = HousesRepository.swift; sourceTree = "<group>"; };
		84B2D54A2908BD7B00BF0B4F /* Endpoints.swift */ = {isa = PBXFileReference; lastKnownFileType = sourcecode.swift; path = Endpoints.swift; sourceTree = "<group>"; };
		84B2D54D2908BDA900BF0B4F /* House.swift */ = {isa = PBXFileReference; lastKnownFileType = sourcecode.swift; path = House.swift; sourceTree = "<group>"; };
		84B2D54F2908BDC600BF0B4F /* APIResponse.swift */ = {isa = PBXFileReference; lastKnownFileType = sourcecode.swift; path = APIResponse.swift; sourceTree = "<group>"; };
		84B2D5512908BDE300BF0B4F /* URLResponse.swift */ = {isa = PBXFileReference; lastKnownFileType = sourcecode.swift; path = URLResponse.swift; sourceTree = "<group>"; };
		84B2D5572908BE4C00BF0B4F /* HomeViewModel.swift */ = {isa = PBXFileReference; lastKnownFileType = sourcecode.swift; path = HomeViewModel.swift; sourceTree = "<group>"; };
		84B2D5592908BE6A00BF0B4F /* HomeView.swift */ = {isa = PBXFileReference; lastKnownFileType = sourcecode.swift; path = HomeView.swift; sourceTree = "<group>"; };
		84B2D55C2908BEA600BF0B4F /* HouseDetailView.swift */ = {isa = PBXFileReference; lastKnownFileType = sourcecode.swift; path = HouseDetailView.swift; sourceTree = "<group>"; };
		84B2D55E2908BEB100BF0B4F /* HouseDetailViewModel.swift */ = {isa = PBXFileReference; lastKnownFileType = sourcecode.swift; path = HouseDetailViewModel.swift; sourceTree = "<group>"; };
		84B2D5612908BED000BF0B4F /* ActivityIndicator.swift */ = {isa = PBXFileReference; lastKnownFileType = sourcecode.swift; path = ActivityIndicator.swift; sourceTree = "<group>"; };
		84B2D5652908C10400BF0B4F /* Game of Thrones.ttf */ = {isa = PBXFileReference; lastKnownFileType = file; path = "Game of Thrones.ttf"; sourceTree = "<group>"; };
		84B2D5672908C16500BF0B4F /* Info.plist */ = {isa = PBXFileReference; lastKnownFileType = text.plist; path = Info.plist; sourceTree = "<group>"; };
		84B2D5682908C1D100BF0B4F /* SearchView.swift */ = {isa = PBXFileReference; lastKnownFileType = sourcecode.swift; path = SearchView.swift; sourceTree = "<group>"; };
		84B2D56A2908C42E00BF0B4F /* Font+Extension.swift */ = {isa = PBXFileReference; lastKnownFileType = sourcecode.swift; path = "Font+Extension.swift"; sourceTree = "<group>"; };
		84B2D56C2908C7FF00BF0B4F /* Color+Extension.swift */ = {isa = PBXFileReference; lastKnownFileType = sourcecode.swift; path = "Color+Extension.swift"; sourceTree = "<group>"; };
		84B2D56E2908CA5400BF0B4F /* CharacterRepository.swift */ = {isa = PBXFileReference; lastKnownFileType = sourcecode.swift; path = CharacterRepository.swift; sourceTree = "<group>"; };
		84B2D5702908CA6600BF0B4F /* Character.swift */ = {isa = PBXFileReference; lastKnownFileType = sourcecode.swift; path = Character.swift; sourceTree = "<group>"; };
		84B2D5722908CBDF00BF0B4F /* Launch Screen.storyboard */ = {isa = PBXFileReference; lastKnownFileType = file.storyboard; path = "Launch Screen.storyboard"; sourceTree = "<group>"; };
		84B2D57429093E8A00BF0B4F /* String+Extension.swift */ = {isa = PBXFileReference; lastKnownFileType = sourcecode.swift; path = "String+Extension.swift"; sourceTree = "<group>"; };
		84B3EB98290A07980009BE36 /* houses.json */ = {isa = PBXFileReference; lastKnownFileType = text.json; path = houses.json; sourceTree = "<group>"; };
		84B3EB9A290A08490009BE36 /* MockHousesRepository.swift */ = {isa = PBXFileReference; lastKnownFileType = sourcecode.swift; path = MockHousesRepository.swift; sourceTree = "<group>"; };
		84B3EB9C290A099A0009BE36 /* house.json */ = {isa = PBXFileReference; fileEncoding = 4; lastKnownFileType = text.json; path = house.json; sourceTree = "<group>"; };
		84B3EB9E290A09AB0009BE36 /* character.json */ = {isa = PBXFileReference; fileEncoding = 4; lastKnownFileType = text.json; path = character.json; sourceTree = "<group>"; };
		84B3EBA1290A09F70009BE36 /* JSONParser.swift */ = {isa = PBXFileReference; lastKnownFileType = sourcecode.swift; path = JSONParser.swift; sourceTree = "<group>"; };
		84B3EBA3290A0A070009BE36 /* MockCharacterRepository.swift */ = {isa = PBXFileReference; fileEncoding = 4; lastKnownFileType = sourcecode.swift; path = MockCharacterRepository.swift; sourceTree = "<group>"; };
		84B3EBA5290A0A9D0009BE36 /* HomeViewModelTests.swift */ = {isa = PBXFileReference; fileEncoding = 4; lastKnownFileType = sourcecode.swift; path = HomeViewModelTests.swift; sourceTree = "<group>"; };
		84B3EBAF290A12990009BE36 /* HouseViewModelTests.swift */ = {isa = PBXFileReference; fileEncoding = 4; lastKnownFileType = sourcecode.swift; path = HouseViewModelTests.swift; sourceTree = "<group>"; };
/* End PBXFileReference section */

/* Begin PBXFrameworksBuildPhase section */
		84B2D51229083AEC00BF0B4F /* Frameworks */ = {
			isa = PBXFrameworksBuildPhase;
			buildActionMask = 2147483647;
			files = (
			);
			runOnlyForDeploymentPostprocessing = 0;
		};
		84B2D52229083AED00BF0B4F /* Frameworks */ = {
			isa = PBXFrameworksBuildPhase;
			buildActionMask = 2147483647;
			files = (
			);
			runOnlyForDeploymentPostprocessing = 0;
		};
/* End PBXFrameworksBuildPhase section */

/* Begin PBXGroup section */
		849111B8290B616E005691E9 /* CharacterDetail */ = {
			isa = PBXGroup;
			children = (
				849111BE290B61F5005691E9 /* CharacterViewModel.swift */,
				849111BA290B618C005691E9 /* CharacterView.swift */,
			);
			path = CharacterDetail;
			sourceTree = "<group>";
		};
		849111B9290B6178005691E9 /* BookDetail */ = {
			isa = PBXGroup;
			children = (
				849111C0290B6213005691E9 /* BookViewModel.swift */,
				849111BC290B619B005691E9 /* BookView.swift */,
			);
			path = BookDetail;
			sourceTree = "<group>";
		};
		84B2D50C29083AEC00BF0B4F = {
			isa = PBXGroup;
			children = (
				84B2D51729083AEC00BF0B4F /* Westeros */,
				84B2D52829083AED00BF0B4F /* WesterosTests */,
				84B2D51629083AEC00BF0B4F /* Products */,
			);
			sourceTree = "<group>";
		};
		84B2D51629083AEC00BF0B4F /* Products */ = {
			isa = PBXGroup;
			children = (
				84B2D51529083AEC00BF0B4F /* Westeros.app */,
				84B2D52529083AED00BF0B4F /* WesterosTests.xctest */,
			);
			name = Products;
			sourceTree = "<group>";
		};
		84B2D51729083AEC00BF0B4F /* Westeros */ = {
			isa = PBXGroup;
			children = (
				84B2D5672908C16500BF0B4F /* Info.plist */,
				84B2D5632908BEE600BF0B4F /* Data */,
				84B2D5602908BEBD00BF0B4F /* Helpers */,
				84B2D5552908BE2600BF0B4F /* Modules */,
				84B2D51829083AEC00BF0B4F /* WesterosApp.swift */,
				84B2D51C29083AED00BF0B4F /* Assets.xcassets */,
				84B2D51E29083AED00BF0B4F /* Preview Content */,
				84B2D5722908CBDF00BF0B4F /* Launch Screen.storyboard */,
			);
			path = Westeros;
			sourceTree = "<group>";
		};
		84B2D51E29083AED00BF0B4F /* Preview Content */ = {
			isa = PBXGroup;
			children = (
				84B2D51F29083AED00BF0B4F /* Preview Assets.xcassets */,
			);
			path = "Preview Content";
			sourceTree = "<group>";
		};
		84B2D52829083AED00BF0B4F /* WesterosTests */ = {
			isa = PBXGroup;
			children = (
				84B3EBA0290A09B90009BE36 /* Mocks */,
				84B2D52929083AED00BF0B4F /* WesterosTests.swift */,
				84B3EBA5290A0A9D0009BE36 /* HomeViewModelTests.swift */,
				84B3EBAF290A12990009BE36 /* HouseViewModelTests.swift */,
			);
			path = WesterosTests;
			sourceTree = "<group>";
		};
		84B2D5462908BD2600BF0B4F /* APIClient */ = {
			isa = PBXGroup;
			children = (
				84B2D54A2908BD7B00BF0B4F /* Endpoints.swift */,
				84B2D54F2908BDC600BF0B4F /* APIResponse.swift */,
				84B2D5512908BDE300BF0B4F /* URLResponse.swift */,
				84B3EBA1290A09F70009BE36 /* JSONParser.swift */,
			);
			path = APIClient;
			sourceTree = "<group>";
		};
		84B2D5472908BD3B00BF0B4F /* Repository */ = {
			isa = PBXGroup;
			children = (
				84B2D5482908BD5800BF0B4F /* HousesRepository.swift */,
				849111AB290B5B9C005691E9 /* BooksRepository.swift */,
				84B2D56E2908CA5400BF0B4F /* CharacterRepository.swift */,
			);
			path = Repository;
			sourceTree = "<group>";
		};
		84B2D54C2908BD9700BF0B4F /* Model */ = {
			isa = PBXGroup;
			children = (
				84B3EB97290A07760009BE36 /* SupportingFiles */,
				84B2D54D2908BDA900BF0B4F /* House.swift */,
				849111AD290B5BBD005691E9 /* Book.swift */,
				84B2D5702908CA6600BF0B4F /* Character.swift */,
			);
			path = Model;
			sourceTree = "<group>";
		};
		84B2D5552908BE2600BF0B4F /* Modules */ = {
			isa = PBXGroup;
			children = (
				84B2D5562908BE3800BF0B4F /* Home */,
				849111B9290B6178005691E9 /* BookDetail */,
				849111B8290B616E005691E9 /* CharacterDetail */,
				84B2D55B2908BE9600BF0B4F /* HouseDetail */,
			);
			path = Modules;
			sourceTree = "<group>";
		};
		84B2D5562908BE3800BF0B4F /* Home */ = {
			isa = PBXGroup;
			children = (
				84B2D5572908BE4C00BF0B4F /* HomeViewModel.swift */,
				84B2D5592908BE6A00BF0B4F /* HomeView.swift */,
				84B2D5682908C1D100BF0B4F /* SearchView.swift */,
			);
			path = Home;
			sourceTree = "<group>";
		};
		84B2D55B2908BE9600BF0B4F /* HouseDetail */ = {
			isa = PBXGroup;
			children = (
				84B2D55C2908BEA600BF0B4F /* HouseDetailView.swift */,
				84B2D55E2908BEB100BF0B4F /* HouseDetailViewModel.swift */,
			);
			path = HouseDetail;
			sourceTree = "<group>";
		};
		84B2D5602908BEBD00BF0B4F /* Helpers */ = {
			isa = PBXGroup;
			children = (
				84B2D5642908C0DF00BF0B4F /* Font */,
				84B2D5612908BED000BF0B4F /* ActivityIndicator.swift */,
				84B2D56C2908C7FF00BF0B4F /* Color+Extension.swift */,
				84B2D57429093E8A00BF0B4F /* String+Extension.swift */,
			);
			path = Helpers;
			sourceTree = "<group>";
		};
		84B2D5632908BEE600BF0B4F /* Data */ = {
			isa = PBXGroup;
			children = (
				84B2D54C2908BD9700BF0B4F /* Model */,
				84B2D5462908BD2600BF0B4F /* APIClient */,
				84B2D5472908BD3B00BF0B4F /* Repository */,
			);
			path = Data;
			sourceTree = "<group>";
		};
		84B2D5642908C0DF00BF0B4F /* Font */ = {
			isa = PBXGroup;
			children = (
				84B2D5652908C10400BF0B4F /* Game of Thrones.ttf */,
				84B2D56A2908C42E00BF0B4F /* Font+Extension.swift */,
			);
			path = Font;
			sourceTree = "<group>";
		};
		84B3EB97290A07760009BE36 /* SupportingFiles */ = {
			isa = PBXGroup;
			children = (
				849111AF290B5BD2005691E9 /* book.json */,
				849111B1290B5BDB005691E9 /* books.json */,
				84B3EB9E290A09AB0009BE36 /* character.json */,
				849111B3290B5BE4005691E9 /* characters.json */,
				84B3EB9C290A099A0009BE36 /* house.json */,
				84B3EB98290A07980009BE36 /* houses.json */,
			);
			path = SupportingFiles;
			sourceTree = "<group>";
		};
		84B3EBA0290A09B90009BE36 /* Mocks */ = {
			isa = PBXGroup;
			children = (
				84B3EB9A290A08490009BE36 /* MockHousesRepository.swift */,
				849111B5290B6005005691E9 /* MockBooksRepository.swift */,
				84B3EBA3290A0A070009BE36 /* MockCharacterRepository.swift */,
			);
			path = Mocks;
			sourceTree = "<group>";
		};
/* End PBXGroup section */

/* Begin PBXNativeTarget section */
		84B2D51429083AEC00BF0B4F /* Westeros */ = {
			isa = PBXNativeTarget;
			buildConfigurationList = 84B2D53929083AED00BF0B4F /* Build configuration list for PBXNativeTarget "Westeros" */;
			buildPhases = (
				84B2D51129083AEC00BF0B4F /* Sources */,
				84B2D51229083AEC00BF0B4F /* Frameworks */,
				84B2D51329083AEC00BF0B4F /* Resources */,
			);
			buildRules = (
			);
			dependencies = (
			);
			name = Westeros;
			productName = Westeros;
			productReference = 84B2D51529083AEC00BF0B4F /* Westeros.app */;
			productType = "com.apple.product-type.application";
		};
		84B2D52429083AED00BF0B4F /* WesterosTests */ = {
			isa = PBXNativeTarget;
			buildConfigurationList = 84B2D53C29083AED00BF0B4F /* Build configuration list for PBXNativeTarget "WesterosTests" */;
			buildPhases = (
				84B2D52129083AED00BF0B4F /* Sources */,
				84B2D52229083AED00BF0B4F /* Frameworks */,
				84B2D52329083AED00BF0B4F /* Resources */,
			);
			buildRules = (
			);
			dependencies = (
				84B2D52729083AED00BF0B4F /* PBXTargetDependency */,
			);
			name = WesterosTests;
			productName = WesterosTests;
			productReference = 84B2D52529083AED00BF0B4F /* WesterosTests.xctest */;
			productType = "com.apple.product-type.bundle.unit-test";
		};
/* End PBXNativeTarget section */

/* Begin PBXProject section */
		84B2D50D29083AEC00BF0B4F /* Project object */ = {
			isa = PBXProject;
			attributes = {
				BuildIndependentTargetsInParallel = 1;
				LastSwiftUpdateCheck = 1400;
				LastUpgradeCheck = 1400;
				TargetAttributes = {
					84B2D51429083AEC00BF0B4F = {
						CreatedOnToolsVersion = 14.0;
					};
					84B2D52429083AED00BF0B4F = {
						CreatedOnToolsVersion = 14.0;
						TestTargetID = 84B2D51429083AEC00BF0B4F;
					};
				};
			};
			buildConfigurationList = 84B2D51029083AEC00BF0B4F /* Build configuration list for PBXProject "Westeros" */;
			compatibilityVersion = "Xcode 14.0";
			developmentRegion = en;
			hasScannedForEncodings = 0;
			knownRegions = (
				en,
				Base,
			);
			mainGroup = 84B2D50C29083AEC00BF0B4F;
			productRefGroup = 84B2D51629083AEC00BF0B4F /* Products */;
			projectDirPath = "";
			projectRoot = "";
			targets = (
				84B2D51429083AEC00BF0B4F /* Westeros */,
				84B2D52429083AED00BF0B4F /* WesterosTests */,
			);
		};
/* End PBXProject section */

/* Begin PBXResourcesBuildPhase section */
		84B2D51329083AEC00BF0B4F /* Resources */ = {
			isa = PBXResourcesBuildPhase;
			buildActionMask = 2147483647;
			files = (
				84B3EBB9290A1FA70009BE36 /* character.json in Resources */,
				84B2D52029083AED00BF0B4F /* Preview Assets.xcassets in Resources */,
				84B3EBB7290A1FA10009BE36 /* houses.json in Resources */,
				849111B4290B5BE4005691E9 /* characters.json in Resources */,
				849111B2290B5BDB005691E9 /* books.json in Resources */,
				84B3EBB8290A1FA40009BE36 /* house.json in Resources */,
				849111B0290B5BD2005691E9 /* book.json in Resources */,
				84B2D51D29083AED00BF0B4F /* Assets.xcassets in Resources */,
				84B2D5732908CBDF00BF0B4F /* Launch Screen.storyboard in Resources */,
				84B2D5662908C10400BF0B4F /* Game of Thrones.ttf in Resources */,
			);
			runOnlyForDeploymentPostprocessing = 0;
		};
		84B2D52329083AED00BF0B4F /* Resources */ = {
			isa = PBXResourcesBuildPhase;
			buildActionMask = 2147483647;
			files = (
				84B3EB9D290A099A0009BE36 /* house.json in Resources */,
				84B3EB99290A07980009BE36 /* houses.json in Resources */,
				84B3EB9F290A09AB0009BE36 /* character.json in Resources */,
			);
			runOnlyForDeploymentPostprocessing = 0;
		};
/* End PBXResourcesBuildPhase section */

/* Begin PBXSourcesBuildPhase section */
		84B2D51129083AEC00BF0B4F /* Sources */ = {
			isa = PBXSourcesBuildPhase;
			buildActionMask = 2147483647;
			files = (
				84B2D55F2908BEB100BF0B4F /* HouseDetailViewModel.swift in Sources */,
				84B2D56F2908CA5400BF0B4F /* CharacterRepository.swift in Sources */,
				84B3EBB5290A14860009BE36 /* JSONParser.swift in Sources */,
				849111BB290B618C005691E9 /* CharacterView.swift in Sources */,
				84B2D56D2908C7FF00BF0B4F /* Color+Extension.swift in Sources */,
				84B2D55D2908BEA600BF0B4F /* HouseDetailView.swift in Sources */,
				84B2D5622908BED000BF0B4F /* ActivityIndicator.swift in Sources */,
				84B2D55A2908BE6A00BF0B4F /* HomeView.swift in Sources */,
				849111BF290B61F5005691E9 /* CharacterViewModel.swift in Sources */,
				849111BD290B619B005691E9 /* BookView.swift in Sources */,
				84B2D51929083AEC00BF0B4F /* WesterosApp.swift in Sources */,
				849111AE290B5BBD005691E9 /* Book.swift in Sources */,
				84B2D54B2908BD7B00BF0B4F /* Endpoints.swift in Sources */,
				84B2D54E2908BDA900BF0B4F /* House.swift in Sources */,
				849111C1290B6213005691E9 /* BookViewModel.swift in Sources */,
				84B2D57529093E8A00BF0B4F /* String+Extension.swift in Sources */,
				84B2D5692908C1D100BF0B4F /* SearchView.swift in Sources */,
				84B2D5492908BD5800BF0B4F /* HousesRepository.swift in Sources */,
				84B2D5522908BDE300BF0B4F /* URLResponse.swift in Sources */,
				849111AC290B5B9C005691E9 /* BooksRepository.swift in Sources */,
				84B2D5502908BDC600BF0B4F /* APIResponse.swift in Sources */,
				84B2D56B2908C42E00BF0B4F /* Font+Extension.swift in Sources */,
				84B2D5712908CA6600BF0B4F /* Character.swift in Sources */,
				84B2D5582908BE4C00BF0B4F /* HomeViewModel.swift in Sources */,
			);
			runOnlyForDeploymentPostprocessing = 0;
		};
		84B2D52129083AED00BF0B4F /* Sources */ = {
			isa = PBXSourcesBuildPhase;
			buildActionMask = 2147483647;
			files = (
				849111B7290B606B005691E9 /* Book.swift in Sources */,
				84B3EBB6290A19610009BE36 /* HouseDetailViewModel.swift in Sources */,
				84B3EBA8290A0FD30009BE36 /* House.swift in Sources */,
				84B3EBB0290A12990009BE36 /* HouseViewModelTests.swift in Sources */,
				84B3EB9B290A08490009BE36 /* MockHousesRepository.swift in Sources */,
				84B3EBAA290A0FFF0009BE36 /* HousesRepository.swift in Sources */,
				84B2D52A29083AED00BF0B4F /* WesterosTests.swift in Sources */,
				84B3EBA6290A0A9D0009BE36 /* HomeViewModelTests.swift in Sources */,
				84B3EBA2290A09F70009BE36 /* JSONParser.swift in Sources */,
				849111C4290B621D005691E9 /* CharacterView.swift in Sources */,
				84B3EBAE290A101C0009BE36 /* APIResponse.swift in Sources */,
				84B3EBA4290A0A070009BE36 /* MockCharacterRepository.swift in Sources */,
				84B3EBA7290A0FC00009BE36 /* HomeViewModel.swift in Sources */,
				84B3EBA9290A0FD80009BE36 /* Character.swift in Sources */,
				849111C3290B621A005691E9 /* CharacterViewModel.swift in Sources */,
				84B3EBAB290A10030009BE36 /* CharacterRepository.swift in Sources */,
				849111B6290B6005005691E9 /* MockBooksRepository.swift in Sources */,
				84B3EBAC290A10130009BE36 /* Endpoints.swift in Sources */,
			);
			runOnlyForDeploymentPostprocessing = 0;
		};
/* End PBXSourcesBuildPhase section */

/* Begin PBXTargetDependency section */
		84B2D52729083AED00BF0B4F /* PBXTargetDependency */ = {
			isa = PBXTargetDependency;
			target = 84B2D51429083AEC00BF0B4F /* Westeros */;
			targetProxy = 84B2D52629083AED00BF0B4F /* PBXContainerItemProxy */;
		};
/* End PBXTargetDependency section */

/* Begin XCBuildConfiguration section */
		84B2D53729083AED00BF0B4F /* Debug */ = {
			isa = XCBuildConfiguration;
			buildSettings = {
				ALWAYS_SEARCH_USER_PATHS = NO;
				CLANG_ANALYZER_NONNULL = YES;
				CLANG_ANALYZER_NUMBER_OBJECT_CONVERSION = YES_AGGRESSIVE;
				CLANG_CXX_LANGUAGE_STANDARD = "gnu++20";
				CLANG_ENABLE_MODULES = YES;
				CLANG_ENABLE_OBJC_ARC = YES;
				CLANG_ENABLE_OBJC_WEAK = YES;
				CLANG_WARN_BLOCK_CAPTURE_AUTORELEASING = YES;
				CLANG_WARN_BOOL_CONVERSION = YES;
				CLANG_WARN_COMMA = YES;
				CLANG_WARN_CONSTANT_CONVERSION = YES;
				CLANG_WARN_DEPRECATED_OBJC_IMPLEMENTATIONS = YES;
				CLANG_WARN_DIRECT_OBJC_ISA_USAGE = YES_ERROR;
				CLANG_WARN_DOCUMENTATION_COMMENTS = YES;
				CLANG_WARN_EMPTY_BODY = YES;
				CLANG_WARN_ENUM_CONVERSION = YES;
				CLANG_WARN_INFINITE_RECURSION = YES;
				CLANG_WARN_INT_CONVERSION = YES;
				CLANG_WARN_NON_LITERAL_NULL_CONVERSION = YES;
				CLANG_WARN_OBJC_IMPLICIT_RETAIN_SELF = YES;
				CLANG_WARN_OBJC_LITERAL_CONVERSION = YES;
				CLANG_WARN_OBJC_ROOT_CLASS = YES_ERROR;
				CLANG_WARN_QUOTED_INCLUDE_IN_FRAMEWORK_HEADER = YES;
				CLANG_WARN_RANGE_LOOP_ANALYSIS = YES;
				CLANG_WARN_STRICT_PROTOTYPES = YES;
				CLANG_WARN_SUSPICIOUS_MOVE = YES;
				CLANG_WARN_UNGUARDED_AVAILABILITY = YES_AGGRESSIVE;
				CLANG_WARN_UNREACHABLE_CODE = YES;
				CLANG_WARN__DUPLICATE_METHOD_MATCH = YES;
				COPY_PHASE_STRIP = NO;
				DEBUG_INFORMATION_FORMAT = dwarf;
				ENABLE_STRICT_OBJC_MSGSEND = YES;
				ENABLE_TESTABILITY = YES;
				GCC_C_LANGUAGE_STANDARD = gnu11;
				GCC_DYNAMIC_NO_PIC = NO;
				GCC_NO_COMMON_BLOCKS = YES;
				GCC_OPTIMIZATION_LEVEL = 0;
				GCC_PREPROCESSOR_DEFINITIONS = (
					"DEBUG=1",
					"$(inherited)",
				);
				GCC_WARN_64_TO_32_BIT_CONVERSION = YES;
				GCC_WARN_ABOUT_RETURN_TYPE = YES_ERROR;
				GCC_WARN_UNDECLARED_SELECTOR = YES;
				GCC_WARN_UNINITIALIZED_AUTOS = YES_AGGRESSIVE;
				GCC_WARN_UNUSED_FUNCTION = YES;
				GCC_WARN_UNUSED_VARIABLE = YES;
				IPHONEOS_DEPLOYMENT_TARGET = 14.0;
				MTL_ENABLE_DEBUG_INFO = INCLUDE_SOURCE;
				MTL_FAST_MATH = YES;
				ONLY_ACTIVE_ARCH = YES;
				SDKROOT = iphoneos;
				SWIFT_ACTIVE_COMPILATION_CONDITIONS = DEBUG;
				SWIFT_OPTIMIZATION_LEVEL = "-Onone";
			};
			name = Debug;
		};
		84B2D53829083AED00BF0B4F /* Release */ = {
			isa = XCBuildConfiguration;
			buildSettings = {
				ALWAYS_SEARCH_USER_PATHS = NO;
				CLANG_ANALYZER_NONNULL = YES;
				CLANG_ANALYZER_NUMBER_OBJECT_CONVERSION = YES_AGGRESSIVE;
				CLANG_CXX_LANGUAGE_STANDARD = "gnu++20";
				CLANG_ENABLE_MODULES = YES;
				CLANG_ENABLE_OBJC_ARC = YES;
				CLANG_ENABLE_OBJC_WEAK = YES;
				CLANG_WARN_BLOCK_CAPTURE_AUTORELEASING = YES;
				CLANG_WARN_BOOL_CONVERSION = YES;
				CLANG_WARN_COMMA = YES;
				CLANG_WARN_CONSTANT_CONVERSION = YES;
				CLANG_WARN_DEPRECATED_OBJC_IMPLEMENTATIONS = YES;
				CLANG_WARN_DIRECT_OBJC_ISA_USAGE = YES_ERROR;
				CLANG_WARN_DOCUMENTATION_COMMENTS = YES;
				CLANG_WARN_EMPTY_BODY = YES;
				CLANG_WARN_ENUM_CONVERSION = YES;
				CLANG_WARN_INFINITE_RECURSION = YES;
				CLANG_WARN_INT_CONVERSION = YES;
				CLANG_WARN_NON_LITERAL_NULL_CONVERSION = YES;
				CLANG_WARN_OBJC_IMPLICIT_RETAIN_SELF = YES;
				CLANG_WARN_OBJC_LITERAL_CONVERSION = YES;
				CLANG_WARN_OBJC_ROOT_CLASS = YES_ERROR;
				CLANG_WARN_QUOTED_INCLUDE_IN_FRAMEWORK_HEADER = YES;
				CLANG_WARN_RANGE_LOOP_ANALYSIS = YES;
				CLANG_WARN_STRICT_PROTOTYPES = YES;
				CLANG_WARN_SUSPICIOUS_MOVE = YES;
				CLANG_WARN_UNGUARDED_AVAILABILITY = YES_AGGRESSIVE;
				CLANG_WARN_UNREACHABLE_CODE = YES;
				CLANG_WARN__DUPLICATE_METHOD_MATCH = YES;
				COPY_PHASE_STRIP = NO;
				DEBUG_INFORMATION_FORMAT = "dwarf-with-dsym";
				ENABLE_NS_ASSERTIONS = NO;
				ENABLE_STRICT_OBJC_MSGSEND = YES;
				GCC_C_LANGUAGE_STANDARD = gnu11;
				GCC_NO_COMMON_BLOCKS = YES;
				GCC_WARN_64_TO_32_BIT_CONVERSION = YES;
				GCC_WARN_ABOUT_RETURN_TYPE = YES_ERROR;
				GCC_WARN_UNDECLARED_SELECTOR = YES;
				GCC_WARN_UNINITIALIZED_AUTOS = YES_AGGRESSIVE;
				GCC_WARN_UNUSED_FUNCTION = YES;
				GCC_WARN_UNUSED_VARIABLE = YES;
				IPHONEOS_DEPLOYMENT_TARGET = 14.0;
				MTL_ENABLE_DEBUG_INFO = NO;
				MTL_FAST_MATH = YES;
				SDKROOT = iphoneos;
				SWIFT_COMPILATION_MODE = wholemodule;
				SWIFT_OPTIMIZATION_LEVEL = "-O";
				VALIDATE_PRODUCT = YES;
			};
			name = Release;
		};
		84B2D53A29083AED00BF0B4F /* Debug */ = {
			isa = XCBuildConfiguration;
			buildSettings = {
				ASSETCATALOG_COMPILER_APPICON_NAME = AppIcon;
				ASSETCATALOG_COMPILER_GLOBAL_ACCENT_COLOR_NAME = AccentColor;
				CODE_SIGN_STYLE = Automatic;
				CURRENT_PROJECT_VERSION = 1;
				DEVELOPMENT_ASSET_PATHS = "\"Westeros/Preview Content\"";
				DEVELOPMENT_TEAM = 97XB8J435J;
				ENABLE_PREVIEWS = YES;
				GENERATE_INFOPLIST_FILE = YES;
				INFOPLIST_FILE = Westeros/Info.plist;
				INFOPLIST_KEY_UIApplicationSceneManifest_Generation = YES;
				INFOPLIST_KEY_UIApplicationSupportsIndirectInputEvents = YES;
				INFOPLIST_KEY_UILaunchScreen_Generation = YES;
				INFOPLIST_KEY_UILaunchStoryboardName = "Launch Screen.storyboard";
				INFOPLIST_KEY_UISupportedInterfaceOrientations_iPad = "UIInterfaceOrientationPortrait UIInterfaceOrientationPortraitUpsideDown UIInterfaceOrientationLandscapeLeft UIInterfaceOrientationLandscapeRight";
				INFOPLIST_KEY_UISupportedInterfaceOrientations_iPhone = "UIInterfaceOrientationPortrait UIInterfaceOrientationLandscapeLeft UIInterfaceOrientationLandscapeRight";
				LD_RUNPATH_SEARCH_PATHS = (
					"$(inherited)",
					"@executable_path/Frameworks",
				);
				MARKETING_VERSION = 1.0;
				PRODUCT_BUNDLE_IDENTIFIER = fitzafful.Westeros;
				PRODUCT_NAME = "$(TARGET_NAME)";
				SUPPORTED_PLATFORMS = "iphoneos iphonesimulator";
				SUPPORTS_MACCATALYST = NO;
				SUPPORTS_MAC_DESIGNED_FOR_IPHONE_IPAD = NO;
				SWIFT_EMIT_LOC_STRINGS = YES;
				SWIFT_VERSION = 5.0;
				TARGETED_DEVICE_FAMILY = "1,2";
			};
			name = Debug;
		};
		84B2D53B29083AED00BF0B4F /* Release */ = {
			isa = XCBuildConfiguration;
			buildSettings = {
				ASSETCATALOG_COMPILER_APPICON_NAME = AppIcon;
				ASSETCATALOG_COMPILER_GLOBAL_ACCENT_COLOR_NAME = AccentColor;
				CODE_SIGN_STYLE = Automatic;
				CURRENT_PROJECT_VERSION = 1;
				DEVELOPMENT_ASSET_PATHS = "\"Westeros/Preview Content\"";
				DEVELOPMENT_TEAM = 97XB8J435J;
				ENABLE_PREVIEWS = YES;
				GENERATE_INFOPLIST_FILE = YES;
				INFOPLIST_FILE = Westeros/Info.plist;
				INFOPLIST_KEY_UIApplicationSceneManifest_Generation = YES;
				INFOPLIST_KEY_UIApplicationSupportsIndirectInputEvents = YES;
				INFOPLIST_KEY_UILaunchScreen_Generation = YES;
				INFOPLIST_KEY_UILaunchStoryboardName = "Launch Screen.storyboard";
				INFOPLIST_KEY_UISupportedInterfaceOrientations_iPad = "UIInterfaceOrientationPortrait UIInterfaceOrientationPortraitUpsideDown UIInterfaceOrientationLandscapeLeft UIInterfaceOrientationLandscapeRight";
				INFOPLIST_KEY_UISupportedInterfaceOrientations_iPhone = "UIInterfaceOrientationPortrait UIInterfaceOrientationLandscapeLeft UIInterfaceOrientationLandscapeRight";
				LD_RUNPATH_SEARCH_PATHS = (
					"$(inherited)",
					"@executable_path/Frameworks",
				);
				MARKETING_VERSION = 1.0;
				PRODUCT_BUNDLE_IDENTIFIER = fitzafful.Westeros;
				PRODUCT_NAME = "$(TARGET_NAME)";
				SUPPORTED_PLATFORMS = "iphoneos iphonesimulator";
				SUPPORTS_MACCATALYST = NO;
				SUPPORTS_MAC_DESIGNED_FOR_IPHONE_IPAD = NO;
				SWIFT_EMIT_LOC_STRINGS = YES;
				SWIFT_VERSION = 5.0;
				TARGETED_DEVICE_FAMILY = "1,2";
			};
			name = Release;
		};
		84B2D53D29083AED00BF0B4F /* Debug */ = {
			isa = XCBuildConfiguration;
			buildSettings = {
				ALWAYS_EMBED_SWIFT_STANDARD_LIBRARIES = YES;
				BUNDLE_LOADER = "$(TEST_HOST)";
				CODE_SIGN_STYLE = Automatic;
				CURRENT_PROJECT_VERSION = 1;
				DEVELOPMENT_TEAM = 97XB8J435J;
				GENERATE_INFOPLIST_FILE = YES;
				IPHONEOS_DEPLOYMENT_TARGET = 14.0;
				MARKETING_VERSION = 1.0;
				PRODUCT_BUNDLE_IDENTIFIER = fitzafful.WesterosTests;
				PRODUCT_NAME = "$(TARGET_NAME)";
				SUPPORTED_PLATFORMS = "iphoneos iphonesimulator";
				SUPPORTS_MACCATALYST = NO;
				SUPPORTS_MAC_DESIGNED_FOR_IPHONE_IPAD = NO;
				SWIFT_EMIT_LOC_STRINGS = NO;
				SWIFT_VERSION = 5.0;
				TARGETED_DEVICE_FAMILY = "1,2";
				TEST_HOST = "$(BUILT_PRODUCTS_DIR)/Westeros.app/$(BUNDLE_EXECUTABLE_FOLDER_PATH)/Westeros";
			};
			name = Debug;
		};
		84B2D53E29083AED00BF0B4F /* Release */ = {
			isa = XCBuildConfiguration;
			buildSettings = {
				ALWAYS_EMBED_SWIFT_STANDARD_LIBRARIES = YES;
				BUNDLE_LOADER = "$(TEST_HOST)";
				CODE_SIGN_STYLE = Automatic;
				CURRENT_PROJECT_VERSION = 1;
				DEVELOPMENT_TEAM = 97XB8J435J;
				GENERATE_INFOPLIST_FILE = YES;
				IPHONEOS_DEPLOYMENT_TARGET = 14.0;
				MARKETING_VERSION = 1.0;
				PRODUCT_BUNDLE_IDENTIFIER = fitzafful.WesterosTests;
				PRODUCT_NAME = "$(TARGET_NAME)";
				SUPPORTED_PLATFORMS = "iphoneos iphonesimulator";
				SUPPORTS_MACCATALYST = NO;
				SUPPORTS_MAC_DESIGNED_FOR_IPHONE_IPAD = NO;
				SWIFT_EMIT_LOC_STRINGS = NO;
				SWIFT_VERSION = 5.0;
				TARGETED_DEVICE_FAMILY = "1,2";
				TEST_HOST = "$(BUILT_PRODUCTS_DIR)/Westeros.app/$(BUNDLE_EXECUTABLE_FOLDER_PATH)/Westeros";
			};
			name = Release;
		};
/* End XCBuildConfiguration section */

/* Begin XCConfigurationList section */
		84B2D51029083AEC00BF0B4F /* Build configuration list for PBXProject "Westeros" */ = {
			isa = XCConfigurationList;
			buildConfigurations = (
				84B2D53729083AED00BF0B4F /* Debug */,
				84B2D53829083AED00BF0B4F /* Release */,
			);
			defaultConfigurationIsVisible = 0;
			defaultConfigurationName = Release;
		};
		84B2D53929083AED00BF0B4F /* Build configuration list for PBXNativeTarget "Westeros" */ = {
			isa = XCConfigurationList;
			buildConfigurations = (
				84B2D53A29083AED00BF0B4F /* Debug */,
				84B2D53B29083AED00BF0B4F /* Release */,
			);
			defaultConfigurationIsVisible = 0;
			defaultConfigurationName = Release;
		};
		84B2D53C29083AED00BF0B4F /* Build configuration list for PBXNativeTarget "WesterosTests" */ = {
			isa = XCConfigurationList;
			buildConfigurations = (
				84B2D53D29083AED00BF0B4F /* Debug */,
				84B2D53E29083AED00BF0B4F /* Release */,
			);
			defaultConfigurationIsVisible = 0;
			defaultConfigurationName = Release;
		};
/* End XCConfigurationList section */
	};
	rootObject = 84B2D50D29083AEC00BF0B4F /* Project object */;
}
